// !$*UTF8*$!
{
	archiveVersion = 1;
	classes = {
	};
	objectVersion = 56;
	objects = {

/* Begin PBXBuildFile section */
		A58E77302B1CBCCD00CACF2E /* AppDelegate.swift in Sources */ = {isa = PBXBuildFile; fileRef = A58E772F2B1CBCCD00CACF2E /* AppDelegate.swift */; };
		A58E77322B1CBCCD00CACF2E /* SceneDelegate.swift in Sources */ = {isa = PBXBuildFile; fileRef = A58E77312B1CBCCD00CACF2E /* SceneDelegate.swift */; };
		A58E77342B1CBCCD00CACF2E /* ViewController.swift in Sources */ = {isa = PBXBuildFile; fileRef = A58E77332B1CBCCD00CACF2E /* ViewController.swift */; };
		A58E77372B1CBCCD00CACF2E /* Main.storyboard in Resources */ = {isa = PBXBuildFile; fileRef = A58E77352B1CBCCD00CACF2E /* Main.storyboard */; };
		A58E77392B1CBCCF00CACF2E /* Assets.xcassets in Resources */ = {isa = PBXBuildFile; fileRef = A58E77382B1CBCCF00CACF2E /* Assets.xcassets */; };
		A58E773C2B1CBCCF00CACF2E /* LaunchScreen.storyboard in Resources */ = {isa = PBXBuildFile; fileRef = A58E773A2B1CBCCF00CACF2E /* LaunchScreen.storyboard */; };
		A58E77472B1CBCCF00CACF2E /* Dice__Tests.swift in Sources */ = {isa = PBXBuildFile; fileRef = A58E77462B1CBCCF00CACF2E /* Dice__Tests.swift */; };
		A58E77512B1CBCCF00CACF2E /* Dice__UITests.swift in Sources */ = {isa = PBXBuildFile; fileRef = A58E77502B1CBCCF00CACF2E /* Dice__UITests.swift */; };
		A58E77532B1CBCCF00CACF2E /* Dice__UITestsLaunchTests.swift in Sources */ = {isa = PBXBuildFile; fileRef = A58E77522B1CBCCF00CACF2E /* Dice__UITestsLaunchTests.swift */; };
		A58E77602B1CBCEB00CACF2E /* dicemusic.mp3 in Resources */ = {isa = PBXBuildFile; fileRef = A58E775F2B1CBCEB00CACF2E /* dicemusic.mp3 */; };
/* End PBXBuildFile section */

/* Begin PBXContainerItemProxy section */
		A58E77432B1CBCCF00CACF2E /* PBXContainerItemProxy */ = {
			isa = PBXContainerItemProxy;
			containerPortal = A58E77242B1CBCCD00CACF2E /* Project object */;
			proxyType = 1;
			remoteGlobalIDString = A58E772B2B1CBCCD00CACF2E;
			remoteInfo = "Dice吹牛";
		};
		A58E774D2B1CBCCF00CACF2E /* PBXContainerItemProxy */ = {
			isa = PBXContainerItemProxy;
			containerPortal = A58E77242B1CBCCD00CACF2E /* Project object */;
			proxyType = 1;
			remoteGlobalIDString = A58E772B2B1CBCCD00CACF2E;
			remoteInfo = "Dice吹牛";
		};
/* End PBXContainerItemProxy section */

/* Begin PBXFileReference section */
		A58E772C2B1CBCCD00CACF2E /* Dice吹牛.app */ = {isa = PBXFileReference; explicitFileType = wrapper.application; includeInIndex = 0; path = "Dice吹牛.app"; sourceTree = BUILT_PRODUCTS_DIR; };
		A58E772F2B1CBCCD00CACF2E /* AppDelegate.swift */ = {isa = PBXFileReference; lastKnownFileType = sourcecode.swift; path = AppDelegate.swift; sourceTree = "<group>"; };
		A58E77312B1CBCCD00CACF2E /* SceneDelegate.swift */ = {isa = PBXFileReference; lastKnownFileType = sourcecode.swift; path = SceneDelegate.swift; sourceTree = "<group>"; };
		A58E77332B1CBCCD00CACF2E /* ViewController.swift */ = {isa = PBXFileReference; lastKnownFileType = sourcecode.swift; path = ViewController.swift; sourceTree = "<group>"; };
		A58E77362B1CBCCD00CACF2E /* Base */ = {isa = PBXFileReference; lastKnownFileType = file.storyboard; name = Base; path = Base.lproj/Main.storyboard; sourceTree = "<group>"; };
		A58E77382B1CBCCF00CACF2E /* Assets.xcassets */ = {isa = PBXFileReference; lastKnownFileType = folder.assetcatalog; path = Assets.xcassets; sourceTree = "<group>"; };
		A58E773B2B1CBCCF00CACF2E /* Base */ = {isa = PBXFileReference; lastKnownFileType = file.storyboard; name = Base; path = Base.lproj/LaunchScreen.storyboard; sourceTree = "<group>"; };
		A58E773D2B1CBCCF00CACF2E /* Info.plist */ = {isa = PBXFileReference; lastKnownFileType = text.plist.xml; path = Info.plist; sourceTree = "<group>"; };
		A58E77422B1CBCCF00CACF2E /* Dice吹牛Tests.xctest */ = {isa = PBXFileReference; explicitFileType = wrapper.cfbundle; includeInIndex = 0; path = "Dice吹牛Tests.xctest"; sourceTree = BUILT_PRODUCTS_DIR; };
		A58E77462B1CBCCF00CACF2E /* Dice__Tests.swift */ = {isa = PBXFileReference; lastKnownFileType = sourcecode.swift; path = Dice__Tests.swift; sourceTree = "<group>"; };
		A58E774C2B1CBCCF00CACF2E /* Dice吹牛UITests.xctest */ = {isa = PBXFileReference; explicitFileType = wrapper.cfbundle; includeInIndex = 0; path = "Dice吹牛UITests.xctest"; sourceTree = BUILT_PRODUCTS_DIR; };
		A58E77502B1CBCCF00CACF2E /* Dice__UITests.swift */ = {isa = PBXFileReference; lastKnownFileType = sourcecode.swift; path = Dice__UITests.swift; sourceTree = "<group>"; };
		A58E77522B1CBCCF00CACF2E /* Dice__UITestsLaunchTests.swift */ = {isa = PBXFileReference; lastKnownFileType = sourcecode.swift; path = Dice__UITestsLaunchTests.swift; sourceTree = "<group>"; };
		A58E775F2B1CBCEB00CACF2E /* dicemusic.mp3 */ = {isa = PBXFileReference; lastKnownFileType = audio.mp3; path = dicemusic.mp3; sourceTree = "<group>"; };
/* End PBXFileReference section */

/* Begin PBXFrameworksBuildPhase section */
		A58E77292B1CBCCD00CACF2E /* Frameworks */ = {
			isa = PBXFrameworksBuildPhase;
			buildActionMask = 2147483647;
			files = (
			);
			runOnlyForDeploymentPostprocessing = 0;
		};
		A58E773F2B1CBCCF00CACF2E /* Frameworks */ = {
			isa = PBXFrameworksBuildPhase;
			buildActionMask = 2147483647;
			files = (
			);
			runOnlyForDeploymentPostprocessing = 0;
		};
		A58E77492B1CBCCF00CACF2E /* Frameworks */ = {
			isa = PBXFrameworksBuildPhase;
			buildActionMask = 2147483647;
			files = (
			);
			runOnlyForDeploymentPostprocessing = 0;
		};
/* End PBXFrameworksBuildPhase section */

/* Begin PBXGroup section */
		A58E77232B1CBCCD00CACF2E = {
			isa = PBXGroup;
			children = (
				A58E772E2B1CBCCD00CACF2E /* Dice吹牛 */,
				A58E77452B1CBCCF00CACF2E /* Dice吹牛Tests */,
				A58E774F2B1CBCCF00CACF2E /* Dice吹牛UITests */,
				A58E772D2B1CBCCD00CACF2E /* Products */,
			);
			sourceTree = "<group>";
		};
		A58E772D2B1CBCCD00CACF2E /* Products */ = {
			isa = PBXGroup;
			children = (
				A58E772C2B1CBCCD00CACF2E /* Dice吹牛.app */,
				A58E77422B1CBCCF00CACF2E /* Dice吹牛Tests.xctest */,
				A58E774C2B1CBCCF00CACF2E /* Dice吹牛UITests.xctest */,
			);
			name = Products;
			sourceTree = "<group>";
		};
		A58E772E2B1CBCCD00CACF2E /* Dice吹牛 */ = {
			isa = PBXGroup;
			children = (
				A58E772F2B1CBCCD00CACF2E /* AppDelegate.swift */,
				A58E77312B1CBCCD00CACF2E /* SceneDelegate.swift */,
				A58E77332B1CBCCD00CACF2E /* ViewController.swift */,
				A58E77352B1CBCCD00CACF2E /* Main.storyboard */,
				A58E77382B1CBCCF00CACF2E /* Assets.xcassets */,
				A58E775F2B1CBCEB00CACF2E /* dicemusic.mp3 */,
				A58E773A2B1CBCCF00CACF2E /* LaunchScreen.storyboard */,
				A58E773D2B1CBCCF00CACF2E /* Info.plist */,
			);
			path = "Dice吹牛";
			sourceTree = "<group>";
		};
		A58E77452B1CBCCF00CACF2E /* Dice吹牛Tests */ = {
			isa = PBXGroup;
			children = (
				A58E77462B1CBCCF00CACF2E /* Dice__Tests.swift */,
			);
			path = "Dice吹牛Tests";
			sourceTree = "<group>";
		};
		A58E774F2B1CBCCF00CACF2E /* Dice吹牛UITests */ = {
			isa = PBXGroup;
			children = (
				A58E77502B1CBCCF00CACF2E /* Dice__UITests.swift */,
				A58E77522B1CBCCF00CACF2E /* Dice__UITestsLaunchTests.swift */,
			);
			path = "Dice吹牛UITests";
			sourceTree = "<group>";
		};
/* End PBXGroup section */

/* Begin PBXNativeTarget section */
		A58E772B2B1CBCCD00CACF2E /* Dice吹牛 */ = {
			isa = PBXNativeTarget;
			buildConfigurationList = A58E77562B1CBCCF00CACF2E /* Build configuration list for PBXNativeTarget "Dice吹牛" */;
			buildPhases = (
				A58E77282B1CBCCD00CACF2E /* Sources */,
				A58E77292B1CBCCD00CACF2E /* Frameworks */,
				A58E772A2B1CBCCD00CACF2E /* Resources */,
			);
			buildRules = (
			);
			dependencies = (
			);
			name = "Dice吹牛";
			productName = "Dice吹牛";
			productReference = A58E772C2B1CBCCD00CACF2E /* Dice吹牛.app */;
			productType = "com.apple.product-type.application";
		};
		A58E77412B1CBCCF00CACF2E /* Dice吹牛Tests */ = {
			isa = PBXNativeTarget;
			buildConfigurationList = A58E77592B1CBCCF00CACF2E /* Build configuration list for PBXNativeTarget "Dice吹牛Tests" */;
			buildPhases = (
				A58E773E2B1CBCCF00CACF2E /* Sources */,
				A58E773F2B1CBCCF00CACF2E /* Frameworks */,
				A58E77402B1CBCCF00CACF2E /* Resources */,
			);
			buildRules = (
			);
			dependencies = (
				A58E77442B1CBCCF00CACF2E /* PBXTargetDependency */,
			);
			name = "Dice吹牛Tests";
			productName = "Dice吹牛Tests";
			productReference = A58E77422B1CBCCF00CACF2E /* Dice吹牛Tests.xctest */;
			productType = "com.apple.product-type.bundle.unit-test";
		};
		A58E774B2B1CBCCF00CACF2E /* Dice吹牛UITests */ = {
			isa = PBXNativeTarget;
			buildConfigurationList = A58E775C2B1CBCCF00CACF2E /* Build configuration list for PBXNativeTarget "Dice吹牛UITests" */;
			buildPhases = (
				A58E77482B1CBCCF00CACF2E /* Sources */,
				A58E77492B1CBCCF00CACF2E /* Frameworks */,
				A58E774A2B1CBCCF00CACF2E /* Resources */,
			);
			buildRules = (
			);
			dependencies = (
				A58E774E2B1CBCCF00CACF2E /* PBXTargetDependency */,
			);
			name = "Dice吹牛UITests";
			productName = "Dice吹牛UITests";
			productReference = A58E774C2B1CBCCF00CACF2E /* Dice吹牛UITests.xctest */;
			productType = "com.apple.product-type.bundle.ui-testing";
		};
/* End PBXNativeTarget section */

/* Begin PBXProject section */
		A58E77242B1CBCCD00CACF2E /* Project object */ = {
			isa = PBXProject;
			attributes = {
				BuildIndependentTargetsInParallel = 1;
				LastSwiftUpdateCheck = 1500;
				LastUpgradeCheck = 1500;
				TargetAttributes = {
					A58E772B2B1CBCCD00CACF2E = {
						CreatedOnToolsVersion = 15.0;
					};
					A58E77412B1CBCCF00CACF2E = {
						CreatedOnToolsVersion = 15.0;
						TestTargetID = A58E772B2B1CBCCD00CACF2E;
					};
					A58E774B2B1CBCCF00CACF2E = {
						CreatedOnToolsVersion = 15.0;
						TestTargetID = A58E772B2B1CBCCD00CACF2E;
					};
				};
			};
			buildConfigurationList = A58E77272B1CBCCD00CACF2E /* Build configuration list for PBXProject "Dice吹牛" */;
			compatibilityVersion = "Xcode 14.0";
			developmentRegion = en;
			hasScannedForEncodings = 0;
			knownRegions = (
				en,
				Base,
			);
			mainGroup = A58E77232B1CBCCD00CACF2E;
			productRefGroup = A58E772D2B1CBCCD00CACF2E /* Products */;
			projectDirPath = "";
			projectRoot = "";
			targets = (
				A58E772B2B1CBCCD00CACF2E /* Dice吹牛 */,
				A58E77412B1CBCCF00CACF2E /* Dice吹牛Tests */,
				A58E774B2B1CBCCF00CACF2E /* Dice吹牛UITests */,
			);
		};
/* End PBXProject section */

/* Begin PBXResourcesBuildPhase section */
		A58E772A2B1CBCCD00CACF2E /* Resources */ = {
			isa = PBXResourcesBuildPhase;
			buildActionMask = 2147483647;
			files = (
				A58E773C2B1CBCCF00CACF2E /* LaunchScreen.storyboard in Resources */,
				A58E77392B1CBCCF00CACF2E /* Assets.xcassets in Resources */,
				A58E77372B1CBCCD00CACF2E /* Main.storyboard in Resources */,
				A58E77602B1CBCEB00CACF2E /* dicemusic.mp3 in Resources */,
			);
			runOnlyForDeploymentPostprocessing = 0;
		};
		A58E77402B1CBCCF00CACF2E /* Resources */ = {
			isa = PBXResourcesBuildPhase;
			buildActionMask = 2147483647;
			files = (
			);
			runOnlyForDeploymentPostprocessing = 0;
		};
		A58E774A2B1CBCCF00CACF2E /* Resources */ = {
			isa = PBXResourcesBuildPhase;
			buildActionMask = 2147483647;
			files = (
			);
			runOnlyForDeploymentPostprocessing = 0;
		};
/* End PBXResourcesBuildPhase section */

/* Begin PBXSourcesBuildPhase section */
		A58E77282B1CBCCD00CACF2E /* Sources */ = {
			isa = PBXSourcesBuildPhase;
			buildActionMask = 2147483647;
			files = (
				A58E77342B1CBCCD00CACF2E /* ViewController.swift in Sources */,
				A58E77302B1CBCCD00CACF2E /* AppDelegate.swift in Sources */,
				A58E77322B1CBCCD00CACF2E /* SceneDelegate.swift in Sources */,
			);
			runOnlyForDeploymentPostprocessing = 0;
		};
		A58E773E2B1CBCCF00CACF2E /* Sources */ = {
			isa = PBXSourcesBuildPhase;
			buildActionMask = 2147483647;
			files = (
				A58E77472B1CBCCF00CACF2E /* Dice__Tests.swift in Sources */,
			);
			runOnlyForDeploymentPostprocessing = 0;
		};
		A58E77482B1CBCCF00CACF2E /* Sources */ = {
			isa = PBXSourcesBuildPhase;
			buildActionMask = 2147483647;
			files = (
				A58E77512B1CBCCF00CACF2E /* Dice__UITests.swift in Sources */,
				A58E77532B1CBCCF00CACF2E /* Dice__UITestsLaunchTests.swift in Sources */,
			);
			runOnlyForDeploymentPostprocessing = 0;
		};
/* End PBXSourcesBuildPhase section */

/* Begin PBXTargetDependency section */
		A58E77442B1CBCCF00CACF2E /* PBXTargetDependency */ = {
			isa = PBXTargetDependency;
			target = A58E772B2B1CBCCD00CACF2E /* Dice吹牛 */;
			targetProxy = A58E77432B1CBCCF00CACF2E /* PBXContainerItemProxy */;
		};
		A58E774E2B1CBCCF00CACF2E /* PBXTargetDependency */ = {
			isa = PBXTargetDependency;
			target = A58E772B2B1CBCCD00CACF2E /* Dice吹牛 */;
			targetProxy = A58E774D2B1CBCCF00CACF2E /* PBXContainerItemProxy */;
		};
/* End PBXTargetDependency section */

/* Begin PBXVariantGroup section */
		A58E77352B1CBCCD00CACF2E /* Main.storyboard */ = {
			isa = PBXVariantGroup;
			children = (
				A58E77362B1CBCCD00CACF2E /* Base */,
			);
			name = Main.storyboard;
			sourceTree = "<group>";
		};
		A58E773A2B1CBCCF00CACF2E /* LaunchScreen.storyboard */ = {
			isa = PBXVariantGroup;
			children = (
				A58E773B2B1CBCCF00CACF2E /* Base */,
			);
			name = LaunchScreen.storyboard;
			sourceTree = "<group>";
		};
/* End PBXVariantGroup section */

/* Begin XCBuildConfiguration section */
		A58E77542B1CBCCF00CACF2E /* Debug */ = {
			isa = XCBuildConfiguration;
			buildSettings = {
				ALWAYS_SEARCH_USER_PATHS = NO;
				ASSETCATALOG_COMPILER_GENERATE_SWIFT_ASSET_SYMBOL_EXTENSIONS = YES;
				CLANG_ANALYZER_NONNULL = YES;
				CLANG_ANALYZER_NUMBER_OBJECT_CONVERSION = YES_AGGRESSIVE;
				CLANG_CXX_LANGUAGE_STANDARD = "gnu++20";
				CLANG_ENABLE_MODULES = YES;
				CLANG_ENABLE_OBJC_ARC = YES;
				CLANG_ENABLE_OBJC_WEAK = YES;
				CLANG_WARN_BLOCK_CAPTURE_AUTORELEASING = YES;
				CLANG_WARN_BOOL_CONVERSION = YES;
				CLANG_WARN_COMMA = YES;
				CLANG_WARN_CONSTANT_CONVERSION = YES;
				CLANG_WARN_DEPRECATED_OBJC_IMPLEMENTATIONS = YES;
				CLANG_WARN_DIRECT_OBJC_ISA_USAGE = YES_ERROR;
				CLANG_WARN_DOCUMENTATION_COMMENTS = YES;
				CLANG_WARN_EMPTY_BODY = YES;
				CLANG_WARN_ENUM_CONVERSION = YES;
				CLANG_WARN_INFINITE_RECURSION = YES;
				CLANG_WARN_INT_CONVERSION = YES;
				CLANG_WARN_NON_LITERAL_NULL_CONVERSION = YES;
				CLANG_WARN_OBJC_IMPLICIT_RETAIN_SELF = YES;
				CLANG_WARN_OBJC_LITERAL_CONVERSION = YES;
				CLANG_WARN_OBJC_ROOT_CLASS = YES_ERROR;
				CLANG_WARN_QUOTED_INCLUDE_IN_FRAMEWORK_HEADER = YES;
				CLANG_WARN_RANGE_LOOP_ANALYSIS = YES;
				CLANG_WARN_STRICT_PROTOTYPES = YES;
				CLANG_WARN_SUSPICIOUS_MOVE = YES;
				CLANG_WARN_UNGUARDED_AVAILABILITY = YES_AGGRESSIVE;
				CLANG_WARN_UNREACHABLE_CODE = YES;
				CLANG_WARN__DUPLICATE_METHOD_MATCH = YES;
				COPY_PHASE_STRIP = NO;
				DEBUG_INFORMATION_FORMAT = dwarf;
				ENABLE_STRICT_OBJC_MSGSEND = YES;
				ENABLE_TESTABILITY = YES;
				ENABLE_USER_SCRIPT_SANDBOXING = YES;
				GCC_C_LANGUAGE_STANDARD = gnu17;
				GCC_DYNAMIC_NO_PIC = NO;
				GCC_NO_COMMON_BLOCKS = YES;
				GCC_OPTIMIZATION_LEVEL = 0;
				GCC_PREPROCESSOR_DEFINITIONS = (
					"DEBUG=1",
					"$(inherited)",
				);
				GCC_WARN_64_TO_32_BIT_CONVERSION = YES;
				GCC_WARN_ABOUT_RETURN_TYPE = YES_ERROR;
				GCC_WARN_UNDECLARED_SELECTOR = YES;
				GCC_WARN_UNINITIALIZED_AUTOS = YES_AGGRESSIVE;
				GCC_WARN_UNUSED_FUNCTION = YES;
				GCC_WARN_UNUSED_VARIABLE = YES;
				IPHONEOS_DEPLOYMENT_TARGET = 17.0;
				LOCALIZATION_PREFERS_STRING_CATALOGS = YES;
				MTL_ENABLE_DEBUG_INFO = INCLUDE_SOURCE;
				MTL_FAST_MATH = YES;
				ONLY_ACTIVE_ARCH = YES;
				SDKROOT = iphoneos;
				SWIFT_ACTIVE_COMPILATION_CONDITIONS = "DEBUG $(inherited)";
				SWIFT_OPTIMIZATION_LEVEL = "-Onone";
			};
			name = Debug;
		};
		A58E77552B1CBCCF00CACF2E /* Release */ = {
			isa = XCBuildConfiguration;
			buildSettings = {
				ALWAYS_SEARCH_USER_PATHS = NO;
				ASSETCATALOG_COMPILER_GENERATE_SWIFT_ASSET_SYMBOL_EXTENSIONS = YES;
				CLANG_ANALYZER_NONNULL = YES;
				CLANG_ANALYZER_NUMBER_OBJECT_CONVERSION = YES_AGGRESSIVE;
				CLANG_CXX_LANGUAGE_STANDARD = "gnu++20";
				CLANG_ENABLE_MODULES = YES;
				CLANG_ENABLE_OBJC_ARC = YES;
				CLANG_ENABLE_OBJC_WEAK = YES;
				CLANG_WARN_BLOCK_CAPTURE_AUTORELEASING = YES;
				CLANG_WARN_BOOL_CONVERSION = YES;
				CLANG_WARN_COMMA = YES;
				CLANG_WARN_CONSTANT_CONVERSION = YES;
				CLANG_WARN_DEPRECATED_OBJC_IMPLEMENTATIONS = YES;
				CLANG_WARN_DIRECT_OBJC_ISA_USAGE = YES_ERROR;
				CLANG_WARN_DOCUMENTATION_COMMENTS = YES;
				CLANG_WARN_EMPTY_BODY = YES;
				CLANG_WARN_ENUM_CONVERSION = YES;
				CLANG_WARN_INFINITE_RECURSION = YES;
				CLANG_WARN_INT_CONVERSION = YES;
				CLANG_WARN_NON_LITERAL_NULL_CONVERSION = YES;
				CLANG_WARN_OBJC_IMPLICIT_RETAIN_SELF = YES;
				CLANG_WARN_OBJC_LITERAL_CONVERSION = YES;
				CLANG_WARN_OBJC_ROOT_CLASS = YES_ERROR;
				CLANG_WARN_QUOTED_INCLUDE_IN_FRAMEWORK_HEADER = YES;
				CLANG_WARN_RANGE_LOOP_ANALYSIS = YES;
				CLANG_WARN_STRICT_PROTOTYPES = YES;
				CLANG_WARN_SUSPICIOUS_MOVE = YES;
				CLANG_WARN_UNGUARDED_AVAILABILITY = YES_AGGRESSIVE;
				CLANG_WARN_UNREACHABLE_CODE = YES;
				CLANG_WARN__DUPLICATE_METHOD_MATCH = YES;
				COPY_PHASE_STRIP = NO;
				DEBUG_INFORMATION_FORMAT = "dwarf-with-dsym";
				ENABLE_NS_ASSERTIONS = NO;
				ENABLE_STRICT_OBJC_MSGSEND = YES;
				ENABLE_USER_SCRIPT_SANDBOXING = YES;
				GCC_C_LANGUAGE_STANDARD = gnu17;
				GCC_NO_COMMON_BLOCKS = YES;
				GCC_WARN_64_TO_32_BIT_CONVERSION = YES;
				GCC_WARN_ABOUT_RETURN_TYPE = YES_ERROR;
				GCC_WARN_UNDECLARED_SELECTOR = YES;
				GCC_WARN_UNINITIALIZED_AUTOS = YES_AGGRESSIVE;
				GCC_WARN_UNUSED_FUNCTION = YES;
				GCC_WARN_UNUSED_VARIABLE = YES;
				IPHONEOS_DEPLOYMENT_TARGET = 17.0;
				LOCALIZATION_PREFERS_STRING_CATALOGS = YES;
				MTL_ENABLE_DEBUG_INFO = NO;
				MTL_FAST_MATH = YES;
				SDKROOT = iphoneos;
				SWIFT_COMPILATION_MODE = wholemodule;
				VALIDATE_PRODUCT = YES;
			};
			name = Release;
		};
		A58E77572B1CBCCF00CACF2E /* Debug */ = {
			isa = XCBuildConfiguration;
			buildSettings = {
				ASSETCATALOG_COMPILER_APPICON_NAME = AppIcon;
				ASSETCATALOG_COMPILER_GLOBAL_ACCENT_COLOR_NAME = AccentColor;
				CODE_SIGN_STYLE = Automatic;
				CURRENT_PROJECT_VERSION = 1;
				DEVELOPMENT_TEAM = LN86J53QW3;
				GENERATE_INFOPLIST_FILE = YES;
				INFOPLIST_FILE = "Dice吹牛/Info.plist";
				INFOPLIST_KEY_UIApplicationSupportsIndirectInputEvents = YES;
				INFOPLIST_KEY_UILaunchStoryboardName = LaunchScreen;
				INFOPLIST_KEY_UIMainStoryboardFile = Main;
				INFOPLIST_KEY_UISupportedInterfaceOrientations_iPad = "UIInterfaceOrientationPortrait UIInterfaceOrientationPortraitUpsideDown UIInterfaceOrientationLandscapeLeft UIInterfaceOrientationLandscapeRight";
				INFOPLIST_KEY_UISupportedInterfaceOrientations_iPhone = "UIInterfaceOrientationPortrait UIInterfaceOrientationLandscapeLeft UIInterfaceOrientationLandscapeRight";
				LD_RUNPATH_SEARCH_PATHS = (
					"$(inherited)",
					"@executable_path/Frameworks",
				);
				MARKETING_VERSION = 1.0;
				PRODUCT_BUNDLE_IDENTIFIER = "com.timmy.Dice--";
				PRODUCT_NAME = "$(TARGET_NAME)";
				SWIFT_EMIT_LOC_STRINGS = YES;
				SWIFT_VERSION = 5.0;
				TARGETED_DEVICE_FAMILY = "1,2";
			};
			name = Debug;
		};
		A58E77582B1CBCCF00CACF2E /* Release */ = {
			isa = XCBuildConfiguration;
			buildSettings = {
				ASSETCATALOG_COMPILER_APPICON_NAME = AppIcon;
				ASSETCATALOG_COMPILER_GLOBAL_ACCENT_COLOR_NAME = AccentColor;
				CODE_SIGN_STYLE = Automatic;
				CURRENT_PROJECT_VERSION = 1;
				DEVELOPMENT_TEAM = LN86J53QW3;
				GENERATE_INFOPLIST_FILE = YES;
				INFOPLIST_FILE = "Dice吹牛/Info.plist";
				INFOPLIST_KEY_UIApplicationSupportsIndirectInputEvents = YES;
				INFOPLIST_KEY_UILaunchStoryboardName = LaunchScreen;
				INFOPLIST_KEY_UIMainStoryboardFile = Main;
				INFOPLIST_KEY_UISupportedInterfaceOrientations_iPad = "UIInterfaceOrientationPortrait UIInterfaceOrientationPortraitUpsideDown UIInterfaceOrientationLandscapeLeft UIInterfaceOrientationLandscapeRight";
				INFOPLIST_KEY_UISupportedInterfaceOrientations_iPhone = "UIInterfaceOrientationPortrait UIInterfaceOrientationLandscapeLeft UIInterfaceOrientationLandscapeRight";
				LD_RUNPATH_SEARCH_PATHS = (
					"$(inherited)",
					"@executable_path/Frameworks",
				);
				MARKETING_VERSION = 1.0;
				PRODUCT_BUNDLE_IDENTIFIER = "com.timmy.Dice--";
				PRODUCT_NAME = "$(TARGET_NAME)";
				SWIFT_EMIT_LOC_STRINGS = YES;
				SWIFT_VERSION = 5.0;
				TARGETED_DEVICE_FAMILY = "1,2";
			};
			name = Release;
		};
		A58E775A2B1CBCCF00CACF2E /* Debug */ = {
			isa = XCBuildConfiguration;
			buildSettings = {
				ALWAYS_EMBED_SWIFT_STANDARD_LIBRARIES = YES;
				BUNDLE_LOADER = "$(TEST_HOST)";
				CODE_SIGN_STYLE = Automatic;
				CURRENT_PROJECT_VERSION = 1;
				DEVELOPMENT_TEAM = LN86J53QW3;
				GENERATE_INFOPLIST_FILE = YES;
				IPHONEOS_DEPLOYMENT_TARGET = 17.0;
				MARKETING_VERSION = 1.0;
				PRODUCT_BUNDLE_IDENTIFIER = "com.timmy.Dice--Tests";
				PRODUCT_NAME = "$(TARGET_NAME)";
				SWIFT_EMIT_LOC_STRINGS = NO;
				SWIFT_VERSION = 5.0;
				TARGETED_DEVICE_FAMILY = "1,2";
				TEST_HOST = "$(BUILT_PRODUCTS_DIR)/Dice吹牛.app/$(BUNDLE_EXECUTABLE_FOLDER_PATH)/Dice吹牛";
			};
			name = Debug;
		};
		A58E775B2B1CBCCF00CACF2E /* Release */ = {
			isa = XCBuildConfiguration;
			buildSettings = {
				ALWAYS_EMBED_SWIFT_STANDARD_LIBRARIES = YES;
				BUNDLE_LOADER = "$(TEST_HOST)";
				CODE_SIGN_STYLE = Automatic;
				CURRENT_PROJECT_VERSION = 1;
				DEVELOPMENT_TEAM = LN86J53QW3;
				GENERATE_INFOPLIST_FILE = YES;
				IPHONEOS_DEPLOYMENT_TARGET = 17.0;
				MARKETING_VERSION = 1.0;
				PRODUCT_BUNDLE_IDENTIFIER = "com.timmy.Dice--Tests";
				PRODUCT_NAME = "$(TARGET_NAME)";
				SWIFT_EMIT_LOC_STRINGS = NO;
				SWIFT_VERSION = 5.0;
				TARGETED_DEVICE_FAMILY = "1,2";
				TEST_HOST = "$(BUILT_PRODUCTS_DIR)/Dice吹牛.app/$(BUNDLE_EXECUTABLE_FOLDER_PATH)/Dice吹牛";
			};
			name = Release;
		};
		A58E775D2B1CBCCF00CACF2E /* Debug */ = {
			isa = XCBuildConfiguration;
			buildSettings = {
				ALWAYS_EMBED_SWIFT_STANDARD_LIBRARIES = YES;
				CODE_SIGN_STYLE = Automatic;
				CURRENT_PROJECT_VERSION = 1;
				DEVELOPMENT_TEAM = LN86J53QW3;
				GENERATE_INFOPLIST_FILE = YES;
				MARKETING_VERSION = 1.0;
				PRODUCT_BUNDLE_IDENTIFIER = "com.timmy.Dice--UITests";
				PRODUCT_NAME = "$(TARGET_NAME)";
				SWIFT_EMIT_LOC_STRINGS = NO;
				SWIFT_VERSION = 5.0;
				TARGETED_DEVICE_FAMILY = "1,2";
				TEST_TARGET_NAME = "Dice吹牛";
			};
			name = Debug;
		};
		A58E775E2B1CBCCF00CACF2E /* Release */ = {
			isa = XCBuildConfiguration;
			buildSettings = {
				ALWAYS_EMBED_SWIFT_STANDARD_LIBRARIES = YES;
				CODE_SIGN_STYLE = Automatic;
				CURRENT_PROJECT_VERSION = 1;
				DEVELOPMENT_TEAM = LN86J53QW3;
				GENERATE_INFOPLIST_FILE = YES;
				MARKETING_VERSION = 1.0;
				PRODUCT_BUNDLE_IDENTIFIER = "com.timmy.Dice--UITests";
				PRODUCT_NAME = "$(TARGET_NAME)";
				SWIFT_EMIT_LOC_STRINGS = NO;
				SWIFT_VERSION = 5.0;
				TARGETED_DEVICE_FAMILY = "1,2";
				TEST_TARGET_NAME = "Dice吹牛";
			};
			name = Release;
		};
/* End XCBuildConfiguration section */

/* Begin XCConfigurationList section */
		A58E77272B1CBCCD00CACF2E /* Build configuration list for PBXProject "Dice吹牛" */ = {
			isa = XCConfigurationList;
			buildConfigurations = (
				A58E77542B1CBCCF00CACF2E /* Debug */,
				A58E77552B1CBCCF00CACF2E /* Release */,
			);
			defaultConfigurationIsVisible = 0;
			defaultConfigurationName = Release;
		};
		A58E77562B1CBCCF00CACF2E /* Build configuration list for PBXNativeTarget "Dice吹牛" */ = {
			isa = XCConfigurationList;
			buildConfigurations = (
				A58E77572B1CBCCF00CACF2E /* Debug */,
				A58E77582B1CBCCF00CACF2E /* Release */,
			);
			defaultConfigurationIsVisible = 0;
			defaultConfigurationName = Release;
		};
		A58E77592B1CBCCF00CACF2E /* Build configuration list for PBXNativeTarget "Dice吹牛Tests" */ = {
			isa = XCConfigurationList;
			buildConfigurations = (
				A58E775A2B1CBCCF00CACF2E /* Debug */,
				A58E775B2B1CBCCF00CACF2E /* Release */,
			);
			defaultConfigurationIsVisible = 0;
			defaultConfigurationName = Release;
		};
		A58E775C2B1CBCCF00CACF2E /* Build configuration list for PBXNativeTarget "Dice吹牛UITests" */ = {
			isa = XCConfigurationList;
			buildConfigurations = (
				A58E775D2B1CBCCF00CACF2E /* Debug */,
				A58E775E2B1CBCCF00CACF2E /* Release */,
			);
			defaultConfigurationIsVisible = 0;
			defaultConfigurationName = Release;
		};
/* End XCConfigurationList section */
	};
	rootObject = A58E77242B1CBCCD00CACF2E /* Project object */;
}
